// !$*UTF8*$!
{
	archiveVersion = 1;
	classes = {
	};
	objectVersion = 46;
	objects = {

/* Begin PBXBuildFile section */
		011329381CB763C900502326 /* Task.swift in Sources */ = {isa = PBXBuildFile; fileRef = 011329371CB763C900502326 /* Task.swift */; };
		01649E221CB649F000740E9E /* AppDelegate.swift in Sources */ = {isa = PBXBuildFile; fileRef = 01649E211CB649F000740E9E /* AppDelegate.swift */; };
		01649E241CB649F000740E9E /* ViewController.swift in Sources */ = {isa = PBXBuildFile; fileRef = 01649E231CB649F000740E9E /* ViewController.swift */; };
		01649E261CB649F000740E9E /* Assets.xcassets in Resources */ = {isa = PBXBuildFile; fileRef = 01649E251CB649F000740E9E /* Assets.xcassets */; };
		01649E291CB649F000740E9E /* Main.storyboard in Resources */ = {isa = PBXBuildFile; fileRef = 01649E271CB649F000740E9E /* Main.storyboard */; };
		01649E311CB6521600740E9E /* DownloadFiles.swift in Sources */ = {isa = PBXBuildFile; fileRef = 01649E301CB6521600740E9E /* DownloadFiles.swift */; };
/* End PBXBuildFile section */

/* Begin PBXFileReference section */
		011329371CB763C900502326 /* Task.swift */ = {isa = PBXFileReference; fileEncoding = 4; lastKnownFileType = sourcecode.swift; path = Task.swift; sourceTree = "<group>"; };
		01649E1E1CB649F000740E9E /* AppleDNS.app */ = {isa = PBXFileReference; explicitFileType = wrapper.application; includeInIndex = 0; path = AppleDNS.app; sourceTree = BUILT_PRODUCTS_DIR; };
		01649E211CB649F000740E9E /* AppDelegate.swift */ = {isa = PBXFileReference; lastKnownFileType = sourcecode.swift; path = AppDelegate.swift; sourceTree = "<group>"; };
		01649E231CB649F000740E9E /* ViewController.swift */ = {isa = PBXFileReference; lastKnownFileType = sourcecode.swift; path = ViewController.swift; sourceTree = "<group>"; };
		01649E251CB649F000740E9E /* Assets.xcassets */ = {isa = PBXFileReference; lastKnownFileType = folder.assetcatalog; path = Assets.xcassets; sourceTree = "<group>"; };
		01649E281CB649F000740E9E /* Base */ = {isa = PBXFileReference; lastKnownFileType = file.storyboard; name = Base; path = Base.lproj/Main.storyboard; sourceTree = "<group>"; };
		01649E2A1CB649F000740E9E /* Info.plist */ = {isa = PBXFileReference; lastKnownFileType = text.plist.xml; path = Info.plist; sourceTree = "<group>"; };
		01649E301CB6521600740E9E /* DownloadFiles.swift */ = {isa = PBXFileReference; fileEncoding = 4; lastKnownFileType = sourcecode.swift; path = DownloadFiles.swift; sourceTree = "<group>"; };
/* End PBXFileReference section */

/* Begin PBXFrameworksBuildPhase section */
		01649E1B1CB649F000740E9E /* Frameworks */ = {
			isa = PBXFrameworksBuildPhase;
			buildActionMask = 2147483647;
			files = (
			);
			runOnlyForDeploymentPostprocessing = 0;
		};
/* End PBXFrameworksBuildPhase section */

/* Begin PBXGroup section */
		01649E151CB649F000740E9E = {
			isa = PBXGroup;
			children = (
				01649E201CB649F000740E9E /* AppleDNS */,
				01649E1F1CB649F000740E9E /* Products */,
			);
			sourceTree = "<group>";
		};
		01649E1F1CB649F000740E9E /* Products */ = {
			isa = PBXGroup;
			children = (
				01649E1E1CB649F000740E9E /* AppleDNS.app */,
			);
			name = Products;
			sourceTree = "<group>";
		};
		01649E201CB649F000740E9E /* AppleDNS */ = {
			isa = PBXGroup;
			children = (
				01649E211CB649F000740E9E /* AppDelegate.swift */,
				01649E231CB649F000740E9E /* ViewController.swift */,
				01649E301CB6521600740E9E /* DownloadFiles.swift */,
				011329371CB763C900502326 /* Task.swift */,
				01649E251CB649F000740E9E /* Assets.xcassets */,
				01649E271CB649F000740E9E /* Main.storyboard */,
				01649E2A1CB649F000740E9E /* Info.plist */,
			);
			path = AppleDNS;
			sourceTree = "<group>";
		};
/* End PBXGroup section */

/* Begin PBXNativeTarget section */
		01649E1D1CB649F000740E9E /* AppleDNS */ = {
			isa = PBXNativeTarget;
			buildConfigurationList = 01649E2D1CB649F000740E9E /* Build configuration list for PBXNativeTarget "AppleDNS" */;
			buildPhases = (
				01649E1A1CB649F000740E9E /* Sources */,
				01649E1B1CB649F000740E9E /* Frameworks */,
				01649E1C1CB649F000740E9E /* Resources */,
			);
			buildRules = (
			);
			dependencies = (
			);
			name = AppleDNS;
			productName = AppleDNS;
			productReference = 01649E1E1CB649F000740E9E /* AppleDNS.app */;
			productType = "com.apple.product-type.application";
		};
/* End PBXNativeTarget section */

/* Begin PBXProject section */
		01649E161CB649F000740E9E /* Project object */ = {
			isa = PBXProject;
			attributes = {
				LastSwiftUpdateCheck = 0730;
				LastUpgradeCheck = 0730;
				ORGANIZATIONNAME = xjbeta;
				TargetAttributes = {
					01649E1D1CB649F000740E9E = {
						CreatedOnToolsVersion = 7.3;
					};
				};
			};
			buildConfigurationList = 01649E191CB649F000740E9E /* Build configuration list for PBXProject "AppleDNS" */;
			compatibilityVersion = "Xcode 3.2";
			developmentRegion = English;
			hasScannedForEncodings = 0;
			knownRegions = (
				en,
				Base,
			);
			mainGroup = 01649E151CB649F000740E9E;
			productRefGroup = 01649E1F1CB649F000740E9E /* Products */;
			projectDirPath = "";
			projectRoot = "";
			targets = (
				01649E1D1CB649F000740E9E /* AppleDNS */,
			);
		};
/* End PBXProject section */

/* Begin PBXResourcesBuildPhase section */
		01649E1C1CB649F000740E9E /* Resources */ = {
			isa = PBXResourcesBuildPhase;
			buildActionMask = 2147483647;
			files = (
				01649E261CB649F000740E9E /* Assets.xcassets in Resources */,
				01649E291CB649F000740E9E /* Main.storyboard in Resources */,
			);
			runOnlyForDeploymentPostprocessing = 0;
		};
/* End PBXResourcesBuildPhase section */

/* Begin PBXSourcesBuildPhase section */
		01649E1A1CB649F000740E9E /* Sources */ = {
			isa = PBXSourcesBuildPhase;
			buildActionMask = 2147483647;
			files = (
				011329381CB763C900502326 /* Task.swift in Sources */,
				01649E311CB6521600740E9E /* DownloadFiles.swift in Sources */,
				01649E241CB649F000740E9E /* ViewController.swift in Sources */,
				01649E221CB649F000740E9E /* AppDelegate.swift in Sources */,
			);
			runOnlyForDeploymentPostprocessing = 0;
		};
/* End PBXSourcesBuildPhase section */

/* Begin PBXVariantGroup section */
		01649E271CB649F000740E9E /* Main.storyboard */ = {
			isa = PBXVariantGroup;
			children = (
				01649E281CB649F000740E9E /* Base */,
			);
			name = Main.storyboard;
			sourceTree = "<group>";
		};
/* End PBXVariantGroup section */

/* Begin XCBuildConfiguration section */
		01649E2B1CB649F000740E9E /* Debug */ = {
			isa = XCBuildConfiguration;
			buildSettings = {
				ALWAYS_SEARCH_USER_PATHS = NO;
				CLANG_ANALYZER_NONNULL = YES;
				CLANG_CXX_LANGUAGE_STANDARD = "gnu++0x";
				CLANG_CXX_LIBRARY = "libc++";
				CLANG_ENABLE_MODULES = YES;
				CLANG_ENABLE_OBJC_ARC = YES;
				CLANG_WARN_BOOL_CONVERSION = YES;
				CLANG_WARN_CONSTANT_CONVERSION = YES;
				CLANG_WARN_DIRECT_OBJC_ISA_USAGE = YES_ERROR;
				CLANG_WARN_EMPTY_BODY = YES;
				CLANG_WARN_ENUM_CONVERSION = YES;
				CLANG_WARN_INT_CONVERSION = YES;
				CLANG_WARN_OBJC_ROOT_CLASS = YES_ERROR;
				CLANG_WARN_UNREACHABLE_CODE = YES;
				CLANG_WARN__DUPLICATE_METHOD_MATCH = YES;
				CODE_SIGN_IDENTITY = "-";
				COPY_PHASE_STRIP = NO;
				DEBUG_INFORMATION_FORMAT = dwarf;
				ENABLE_STRICT_OBJC_MSGSEND = YES;
				ENABLE_TESTABILITY = YES;
				GCC_C_LANGUAGE_STANDARD = gnu99;
				GCC_DYNAMIC_NO_PIC = NO;
				GCC_NO_COMMON_BLOCKS = YES;
				GCC_OPTIMIZATION_LEVEL = 0;
				GCC_PREPROCESSOR_DEFINITIONS = (
					"DEBUG=1",
					"$(inherited)",
				);
				GCC_WARN_64_TO_32_BIT_CONVERSION = YES;
				GCC_WARN_ABOUT_RETURN_TYPE = YES_ERROR;
				GCC_WARN_UNDECLARED_SELECTOR = YES;
				GCC_WARN_UNINITIALIZED_AUTOS = YES_AGGRESSIVE;
				GCC_WARN_UNUSED_FUNCTION = YES;
				GCC_WARN_UNUSED_VARIABLE = YES;
				MACOSX_DEPLOYMENT_TARGET = 10.11;
				MTL_ENABLE_DEBUG_INFO = YES;
				ONLY_ACTIVE_ARCH = YES;
				SDKROOT = macosx;
				SWIFT_OPTIMIZATION_LEVEL = "-Onone";
			};
			name = Debug;
		};
		01649E2C1CB649F000740E9E /* Release */ = {
			isa = XCBuildConfiguration;
			buildSettings = {
				ALWAYS_SEARCH_USER_PATHS = NO;
				CLANG_ANALYZER_NONNULL = YES;
				CLANG_CXX_LANGUAGE_STANDARD = "gnu++0x";
				CLANG_CXX_LIBRARY = "libc++";
				CLANG_ENABLE_MODULES = YES;
				CLANG_ENABLE_OBJC_ARC = YES;
				CLANG_WARN_BOOL_CONVERSION = YES;
				CLANG_WARN_CONSTANT_CONVERSION = YES;
				CLANG_WARN_DIRECT_OBJC_ISA_USAGE = YES_ERROR;
				CLANG_WARN_EMPTY_BODY = YES;
				CLANG_WARN_ENUM_CONVERSION = YES;
				CLANG_WARN_INT_CONVERSION = YES;
				CLANG_WARN_OBJC_ROOT_CLASS = YES_ERROR;
				CLANG_WARN_UNREACHABLE_CODE = YES;
				CLANG_WARN__DUPLICATE_METHOD_MATCH = YES;
				CODE_SIGN_IDENTITY = "-";
				COPY_PHASE_STRIP = NO;
				DEBUG_INFORMATION_FORMAT = "dwarf-with-dsym";
				ENABLE_NS_ASSERTIONS = NO;
				ENABLE_STRICT_OBJC_MSGSEND = YES;
				GCC_C_LANGUAGE_STANDARD = gnu99;
				GCC_NO_COMMON_BLOCKS = YES;
				GCC_WARN_64_TO_32_BIT_CONVERSION = YES;
				GCC_WARN_ABOUT_RETURN_TYPE = YES_ERROR;
				GCC_WARN_UNDECLARED_SELECTOR = YES;
				GCC_WARN_UNINITIALIZED_AUTOS = YES_AGGRESSIVE;
				GCC_WARN_UNUSED_FUNCTION = YES;
				GCC_WARN_UNUSED_VARIABLE = YES;
				MACOSX_DEPLOYMENT_TARGET = 10.11;
				MTL_ENABLE_DEBUG_INFO = NO;
				SDKROOT = macosx;
			};
			name = Release;
		};
		01649E2E1CB649F000740E9E /* Debug */ = {
			isa = XCBuildConfiguration;
			buildSettings = {
				ASSETCATALOG_COMPILER_APPICON_NAME = AppIcon;
				COMBINE_HIDPI_IMAGES = YES;
				INFOPLIST_FILE = AppleDNS/Info.plist;
				LD_RUNPATH_SEARCH_PATHS = "$(inherited) @executable_path/../Frameworks";
				MACOSX_DEPLOYMENT_TARGET = 10.10;
				PRODUCT_BUNDLE_IDENTIFIER = "xjbeta.tiny-gmail.com.AppleDNS";
				PRODUCT_NAME = "$(TARGET_NAME)";
			};
			name = Debug;
		};
		01649E2F1CB649F000740E9E /* Release */ = {
			isa = XCBuildConfiguration;
			buildSettings = {
				ASSETCATALOG_COMPILER_APPICON_NAME = AppIcon;
				COMBINE_HIDPI_IMAGES = YES;
				INFOPLIST_FILE = AppleDNS/Info.plist;
				LD_RUNPATH_SEARCH_PATHS = "$(inherited) @executable_path/../Frameworks";
				MACOSX_DEPLOYMENT_TARGET = 10.10;
				PRODUCT_BUNDLE_IDENTIFIER = "xjbeta.tiny-gmail.com.AppleDNS";
				PRODUCT_NAME = "$(TARGET_NAME)";
			};
			name = Release;
		};
/* End XCBuildConfiguration section */

/* Begin XCConfigurationList section */
		01649E191CB649F000740E9E /* Build configuration list for PBXProject "AppleDNS" */ = {
			isa = XCConfigurationList;
			buildConfigurations = (
				01649E2B1CB649F000740E9E /* Debug */,
				01649E2C1CB649F000740E9E /* Release */,
			);
			defaultConfigurationIsVisible = 0;
			defaultConfigurationName = Release;
		};
		01649E2D1CB649F000740E9E /* Build configuration list for PBXNativeTarget "AppleDNS" */ = {
			isa = XCConfigurationList;
			buildConfigurations = (
				01649E2E1CB649F000740E9E /* Debug */,
				01649E2F1CB649F000740E9E /* Release */,
			);
			defaultConfigurationIsVisible = 0;
			defaultConfigurationName = Release;
		};
/* End XCConfigurationList section */
	};
	rootObject = 01649E161CB649F000740E9E /* Project object */;
}
